PODS:
  - AppLocker (2.0):
    - Valet
  - CryptoSwift (1.0.0)
  - HDWalletKit (0.3.7):
    - CryptoSwift (~> 1.0.0)
    - secp256k1.swift (~> 0.1.4)
  - lottie-ios (2.5.0)
  - OpenSans (1.0.3)
  - secp256k1.swift (0.1.4)
  - Valet (4.1.1)

DEPENDENCIES:
  - AppLocker
  - HDWalletKit (from `https://raw.github.com/FluidChains/HDWallet/master/HDWalletKit.podspec`)
  - lottie-ios (= 2.5.0)
  - OpenSans

SPEC REPOS:
  trunk:
    - AppLocker
    - CryptoSwift
    - lottie-ios
    - OpenSans
    - secp256k1.swift
    - Valet

EXTERNAL SOURCES:
  HDWalletKit:
    :podspec: https://raw.github.com/FluidChains/HDWallet/master/HDWalletKit.podspec

SPEC CHECKSUMS:
  AppLocker: ad734b8027d26ae5cbb4a70eed2bed30159c3b71
  CryptoSwift: d81eeaa59dc5a8d03720fe919a6fd07b51f7439f
  HDWalletKit: 36f3fd97c669658770e70a7ea8ab4052f38cc572
  lottie-ios: d699fdee68d7b63e721d949388b015fef1aaa4ac
  OpenSans: 33078846463eae780aa5f82986b51cce085f970d
  secp256k1.swift: a7e7a214f6db6ce5db32cc6b2b45e5c4dd633634
  Valet: 11ab0e318b7284888a81392e36136563b4af5deb

PODFILE CHECKSUM: c8c602bf9f2f6aee65f22b69108c434590defc5d

COCOAPODS: 1.10.0
